
Microsoft Visual Studio Solution File, Format Version 12.00
# Visual Studio Version 16
VisualStudioVersion = 16.0.30503.244
MinimumVisualStudioVersion = 10.0.40219.1
Project("{FAE04EC0-301F-11D3-BF4B-00C04F79EFBC}") = "BoligKø.Web", "BoligKø.Web\BoligKø.Web.csproj", "{6C62FF8A-814B-4DFA-BE3E-1E9D8AA5ACD9}"
EndProject
Global
	GlobalSection(SolutionConfigurationPlatforms) = preSolution
		Debug|Any CPU = Debug|Any CPU
		Release|Any CPU = Release|Any CPU
	EndGlobalSection
	GlobalSection(ProjectConfigurationPlatforms) = postSolution
		{6C62FF8A-814B-4DFA-BE3E-1E9D8AA5ACD9}.Debug|Any CPU.ActiveCfg = Debug|Any CPU
		{6C62FF8A-814B-4DFA-BE3E-1E9D8AA5ACD9}.Debug|Any CPU.Build.0 = Debug|Any CPU
		{6C62FF8A-814B-4DFA-BE3E-1E9D8AA5ACD9}.Release|Any CPU.ActiveCfg = Release|Any CPU
		{6C62FF8A-814B-4DFA-BE3E-1E9D8AA5ACD9}.Release|Any CPU.Build.0 = Release|Any CPU
	EndGlobalSection
	GlobalSection(SolutionProperties) = preSolution
		HideSolutionNode = FALSE
	EndGlobalSection
	GlobalSection(ExtensibilityGlobals) = postSolution
		SolutionGuid = {62AC7A32-39DA-4B52-A1A5-5DD8994514B3}
	EndGlobalSection
EndGlobal
